
Microsoft Visual Studio Solution File, Format Version 12.00
# Visual Studio 15
VisualStudioVersion = 15.0.27428.2027
MinimumVisualStudioVersion = 10.0.40219.1
Project("{9A19103F-16F7-4668-BE54-9A1E7A4F7556}") = "Geone.JCXX.Web", "Geone.JCXX.Web\Geone.JCXX.Web.csproj", "{92DBD0FC-8A96-441A-A202-C7CCAA63E6DC}"
EndProject
Project("{9A19103F-16F7-4668-BE54-9A1E7A4F7556}") = "Geone.JCXX.BLL", "Geone.JCXX.BLL\Geone.JCXX.BLL.csproj", "{61E0CB96-714C-4F55-8147-C1FAB385C741}"
EndProject
Project("{9A19103F-16F7-4668-BE54-9A1E7A4F7556}") = "Geone.JCXX.Meta", "Geone.JCXX.Meta\Geone.JCXX.Meta.csproj", "{65290531-D6DF-4861-9476-68FEF108C5CF}"
EndProject
Project("{2150E333-8FDC-42A3-9474-1A3956D46DE8}") = "Util", "Util", "{168BEDA6-586C-4349-9A17-79C9177FBE41}"
EndProject
Project("{9A19103F-16F7-4668-BE54-9A1E7A4F7556}") = "Geone.Utiliy.Redis", "Src\Util\Geone.Utiliy.Redis\Geone.Utiliy.Redis.csproj", "{977055AB-506E-4BBA-A833-93229811F1E8}"
EndProject
Project("{9A19103F-16F7-4668-BE54-9A1E7A4F7556}") = "Geone.Utiliy.Library", "Src\Util\Geone.Utiliy.Library\Geone.Utiliy.Library.csproj", "{45AE8B57-AD3F-4993-A7AB-79EAD0DADFA2}"
EndProject
Project("{9A19103F-16F7-4668-BE54-9A1E7A4F7556}") = "Geone.Utiliy.Database", "Src\Util\Geone.Utiliy.Database\Geone.Utiliy.Database.csproj", "{E6F03422-31AC-4B49-A6C1-3E265263BDDF}"
EndProject
Project("{9A19103F-16F7-4668-BE54-9A1E7A4F7556}") = "Geone.Utiliy.Component", "Src\Util\Geone.Utiliy.Component\Geone.Utiliy.Component.csproj", "{E62B2434-684D-415D-B893-45DA9B6B6B3C}"
EndProject
Project("{9A19103F-16F7-4668-BE54-9A1E7A4F7556}") = "Geone.Utiliy.Build", "Src\Util\Geone.Utiliy.Build\Geone.Utiliy.Build.csproj", "{724EFA7A-C577-495E-BF94-EDED3EAC6D6F}"
EndProject
Project("{2150E333-8FDC-42A3-9474-1A3956D46DE8}") = "对外接口服务", "对外接口服务", "{DD5C344F-E42E-44D5-8E77-C85A0D9857F1}"
EndProject
Project("{9A19103F-16F7-4668-BE54-9A1E7A4F7556}") = "Geone.JCXX.WebService", "WebService\Geone.JCXX.WebService\Geone.JCXX.WebService.csproj", "{0E5C4238-6972-4AA2-9F06-68EBEEA337D1}"
EndProject
Project("{9A19103F-16F7-4668-BE54-9A1E7A4F7556}") = "Geone.JCXX.WebService.BLL", "WebService\Geone.JCXX.WebService.BLL\Geone.JCXX.WebService.BLL.csproj", "{4E2731F4-A145-4F9C-9132-96E70E2E5255}"
EndProject
Project("{9A19103F-16F7-4668-BE54-9A1E7A4F7556}") = "Geone.JCXX.WebService.Meta", "WebService\Geone.JCXX.WebService.Meta\Geone.JCXX.WebService.Meta.csproj", "{00EDF1FA-4106-4615-902A-26EA4C7528F5}"
EndProject
Global
	GlobalSection(SolutionConfigurationPlatforms) = preSolution
		Debug|Any CPU = Debug|Any CPU
		Release|Any CPU = Release|Any CPU
	EndGlobalSection
	GlobalSection(ProjectConfigurationPlatforms) = postSolution
		{92DBD0FC-8A96-441A-A202-C7CCAA63E6DC}.Debug|Any CPU.ActiveCfg = Debug|Any CPU
		{92DBD0FC-8A96-441A-A202-C7CCAA63E6DC}.Debug|Any CPU.Build.0 = Debug|Any CPU
		{92DBD0FC-8A96-441A-A202-C7CCAA63E6DC}.Release|Any CPU.ActiveCfg = Release|Any CPU
		{92DBD0FC-8A96-441A-A202-C7CCAA63E6DC}.Release|Any CPU.Build.0 = Release|Any CPU
		{61E0CB96-714C-4F55-8147-C1FAB385C741}.Debug|Any CPU.ActiveCfg = Debug|Any CPU
		{61E0CB96-714C-4F55-8147-C1FAB385C741}.Debug|Any CPU.Build.0 = Debug|Any CPU
		{61E0CB96-714C-4F55-8147-C1FAB385C741}.Release|Any CPU.ActiveCfg = Release|Any CPU
		{61E0CB96-714C-4F55-8147-C1FAB385C741}.Release|Any CPU.Build.0 = Release|Any CPU
		{65290531-D6DF-4861-9476-68FEF108C5CF}.Debug|Any CPU.ActiveCfg = Debug|Any CPU
		{65290531-D6DF-4861-9476-68FEF108C5CF}.Debug|Any CPU.Build.0 = Debug|Any CPU
		{65290531-D6DF-4861-9476-68FEF108C5CF}.Release|Any CPU.ActiveCfg = Release|Any CPU
		{65290531-D6DF-4861-9476-68FEF108C5CF}.Release|Any CPU.Build.0 = Release|Any CPU
		{977055AB-506E-4BBA-A833-93229811F1E8}.Debug|Any CPU.ActiveCfg = Debug|Any CPU
		{977055AB-506E-4BBA-A833-93229811F1E8}.Debug|Any CPU.Build.0 = Debug|Any CPU
		{977055AB-506E-4BBA-A833-93229811F1E8}.Release|Any CPU.ActiveCfg = Release|Any CPU
		{977055AB-506E-4BBA-A833-93229811F1E8}.Release|Any CPU.Build.0 = Release|Any CPU
		{45AE8B57-AD3F-4993-A7AB-79EAD0DADFA2}.Debug|Any CPU.ActiveCfg = Debug|Any CPU
		{45AE8B57-AD3F-4993-A7AB-79EAD0DADFA2}.Debug|Any CPU.Build.0 = Debug|Any CPU
		{45AE8B57-AD3F-4993-A7AB-79EAD0DADFA2}.Release|Any CPU.ActiveCfg = Release|Any CPU
		{45AE8B57-AD3F-4993-A7AB-79EAD0DADFA2}.Release|Any CPU.Build.0 = Release|Any CPU
		{E6F03422-31AC-4B49-A6C1-3E265263BDDF}.Debug|Any CPU.ActiveCfg = Debug|Any CPU
		{E6F03422-31AC-4B49-A6C1-3E265263BDDF}.Debug|Any CPU.Build.0 = Debug|Any CPU
		{E6F03422-31AC-4B49-A6C1-3E265263BDDF}.Release|Any CPU.ActiveCfg = Release|Any CPU
		{E6F03422-31AC-4B49-A6C1-3E265263BDDF}.Release|Any CPU.Build.0 = Release|Any CPU
		{E62B2434-684D-415D-B893-45DA9B6B6B3C}.Debug|Any CPU.ActiveCfg = Debug|Any CPU
		{E62B2434-684D-415D-B893-45DA9B6B6B3C}.Debug|Any CPU.Build.0 = Debug|Any CPU
		{E62B2434-684D-415D-B893-45DA9B6B6B3C}.Release|Any CPU.ActiveCfg = Release|Any CPU
		{E62B2434-684D-415D-B893-45DA9B6B6B3C}.Release|Any CPU.Build.0 = Release|Any CPU
		{724EFA7A-C577-495E-BF94-EDED3EAC6D6F}.Debug|Any CPU.ActiveCfg = Debug|Any CPU
		{724EFA7A-C577-495E-BF94-EDED3EAC6D6F}.Debug|Any CPU.Build.0 = Debug|Any CPU
		{724EFA7A-C577-495E-BF94-EDED3EAC6D6F}.Release|Any CPU.ActiveCfg = Release|Any CPU
		{724EFA7A-C577-495E-BF94-EDED3EAC6D6F}.Release|Any CPU.Build.0 = Release|Any CPU
		{0E5C4238-6972-4AA2-9F06-68EBEEA337D1}.Debug|Any CPU.ActiveCfg = Debug|Any CPU
		{0E5C4238-6972-4AA2-9F06-68EBEEA337D1}.Debug|Any CPU.Build.0 = Debug|Any CPU
		{0E5C4238-6972-4AA2-9F06-68EBEEA337D1}.Release|Any CPU.ActiveCfg = Release|Any CPU
		{0E5C4238-6972-4AA2-9F06-68EBEEA337D1}.Release|Any CPU.Build.0 = Release|Any CPU
		{4E2731F4-A145-4F9C-9132-96E70E2E5255}.Debug|Any CPU.ActiveCfg = Debug|Any CPU
		{4E2731F4-A145-4F9C-9132-96E70E2E5255}.Debug|Any CPU.Build.0 = Debug|Any CPU
		{4E2731F4-A145-4F9C-9132-96E70E2E5255}.Release|Any CPU.ActiveCfg = Release|Any CPU
		{4E2731F4-A145-4F9C-9132-96E70E2E5255}.Release|Any CPU.Build.0 = Release|Any CPU
		{00EDF1FA-4106-4615-902A-26EA4C7528F5}.Debug|Any CPU.ActiveCfg = Debug|Any CPU
		{00EDF1FA-4106-4615-902A-26EA4C7528F5}.Debug|Any CPU.Build.0 = Debug|Any CPU
		{00EDF1FA-4106-4615-902A-26EA4C7528F5}.Release|Any CPU.ActiveCfg = Release|Any CPU
		{00EDF1FA-4106-4615-902A-26EA4C7528F5}.Release|Any CPU.Build.0 = Release|Any CPU
	EndGlobalSection
	GlobalSection(SolutionProperties) = preSolution
		HideSolutionNode = FALSE
	EndGlobalSection
	GlobalSection(NestedProjects) = preSolution
		{977055AB-506E-4BBA-A833-93229811F1E8} = {168BEDA6-586C-4349-9A17-79C9177FBE41}
		{45AE8B57-AD3F-4993-A7AB-79EAD0DADFA2} = {168BEDA6-586C-4349-9A17-79C9177FBE41}
		{E6F03422-31AC-4B49-A6C1-3E265263BDDF} = {168BEDA6-586C-4349-9A17-79C9177FBE41}
		{E62B2434-684D-415D-B893-45DA9B6B6B3C} = {168BEDA6-586C-4349-9A17-79C9177FBE41}
		{724EFA7A-C577-495E-BF94-EDED3EAC6D6F} = {168BEDA6-586C-4349-9A17-79C9177FBE41}
		{0E5C4238-6972-4AA2-9F06-68EBEEA337D1} = {DD5C344F-E42E-44D5-8E77-C85A0D9857F1}
		{4E2731F4-A145-4F9C-9132-96E70E2E5255} = {DD5C344F-E42E-44D5-8E77-C85A0D9857F1}
		{00EDF1FA-4106-4615-902A-26EA4C7528F5} = {DD5C344F-E42E-44D5-8E77-C85A0D9857F1}
	EndGlobalSection
	GlobalSection(ExtensibilityGlobals) = postSolution
		SolutionGuid = {8D166DA0-786B-4555-8D87-36FFCF913CDD}
	EndGlobalSection
EndGlobal
